{
  "name": "fr",
  "lockfileVersion": 3,
  "requires": true,
  "packages": {
    "": {
      "dependencies": {
        "fr": "^1.2.2"
      }
    },
    "node_modules/fr": {
      "version": "1.2.2",
      "resolved": "https://registry.npmjs.org/fr/-/fr-1.2.2.tgz",
      "integrity": "sha512-RekmKscMpU1+baJjbTt1Iba05+/yuEe8v5/5li1irBgGClgQ+u5EqMJH/jDhSCzLvYP+CWTOmJ6bnPqVLaC+Mg=="
    }
  }
}
